
Microsoft Visual Studio Solution File, Format Version 11.00
# Visual Studio 2010
Project("{E17AB4A1-DF35-4579-9E91-0CFFBFB6391A}") = "MyGame", "MyGame.ucproj", "{6718D9CE-4FFB-4629-B707-F2E2B19139AC}"
EndProject
Global
	GlobalSection(SolutionConfigurationPlatforms) = preSolution
		Debug|Win32 = Debug|Win32
		Release|Win32 = Release|Win32
	EndGlobalSection
	GlobalSection(ProjectConfigurationPlatforms) = postSolution
		{6718D9CE-4FFB-4629-B707-F2E2B19139AC}.Debug|Win32.ActiveCfg = Debug|Win32
		{6718D9CE-4FFB-4629-B707-F2E2B19139AC}.Debug|Win32.Build.0 = Debug|Win32
		{6718D9CE-4FFB-4629-B707-F2E2B19139AC}.Release|Win32.ActiveCfg = Release|Win32
		{6718D9CE-4FFB-4629-B707-F2E2B19139AC}.Release|Win32.Build.0 = Release|Win32
	EndGlobalSection
	GlobalSection(SolutionProperties) = preSolution
		HideSolutionNode = FALSE
	EndGlobalSection
EndGlobal
